
Microsoft Visual Studio Solution File, Format Version 12.00
# Visual Studio 15
VisualStudioVersion = 15.0.28307.421
MinimumVisualStudioVersion = 10.0.40219.1
Project("{FAE04EC0-301F-11D3-BF4B-00C04F79EFBC}") = "UWPAsych", "UWPAsych\UWPAsych.csproj", "{D95A8633-1E85-4A15-BDA5-5BBEE4EA8AB6}"
EndProject
Global
	GlobalSection(SolutionConfigurationPlatforms) = preSolution
		Debug|ARM = Debug|ARM
		Debug|ARM64 = Debug|ARM64
		Debug|x64 = Debug|x64
		Debug|x86 = Debug|x86
		Release|ARM = Release|ARM
		Release|ARM64 = Release|ARM64
		Release|x64 = Release|x64
		Release|x86 = Release|x86
	EndGlobalSection
	GlobalSection(ProjectConfigurationPlatforms) = postSolution
		{D95A8633-1E85-4A15-BDA5-5BBEE4EA8AB6}.Debug|ARM.ActiveCfg = Debug|ARM
		{D95A8633-1E85-4A15-BDA5-5BBEE4EA8AB6}.Debug|ARM.Build.0 = Debug|ARM
		{D95A8633-1E85-4A15-BDA5-5BBEE4EA8AB6}.Debug|ARM.Deploy.0 = Debug|ARM
		{D95A8633-1E85-4A15-BDA5-5BBEE4EA8AB6}.Debug|ARM64.ActiveCfg = Debug|ARM64
		{D95A8633-1E85-4A15-BDA5-5BBEE4EA8AB6}.Debug|ARM64.Build.0 = Debug|ARM64
		{D95A8633-1E85-4A15-BDA5-5BBEE4EA8AB6}.Debug|ARM64.Deploy.0 = Debug|ARM64
		{D95A8633-1E85-4A15-BDA5-5BBEE4EA8AB6}.Debug|x64.ActiveCfg = Debug|x64
		{D95A8633-1E85-4A15-BDA5-5BBEE4EA8AB6}.Debug|x64.Build.0 = Debug|x64
		{D95A8633-1E85-4A15-BDA5-5BBEE4EA8AB6}.Debug|x64.Deploy.0 = Debug|x64
		{D95A8633-1E85-4A15-BDA5-5BBEE4EA8AB6}.Debug|x86.ActiveCfg = Debug|x86
		{D95A8633-1E85-4A15-BDA5-5BBEE4EA8AB6}.Debug|x86.Build.0 = Debug|x86
		{D95A8633-1E85-4A15-BDA5-5BBEE4EA8AB6}.Debug|x86.Deploy.0 = Debug|x86
		{D95A8633-1E85-4A15-BDA5-5BBEE4EA8AB6}.Release|ARM.ActiveCfg = Release|ARM
		{D95A8633-1E85-4A15-BDA5-5BBEE4EA8AB6}.Release|ARM.Build.0 = Release|ARM
		{D95A8633-1E85-4A15-BDA5-5BBEE4EA8AB6}.Release|ARM.Deploy.0 = Release|ARM
		{D95A8633-1E85-4A15-BDA5-5BBEE4EA8AB6}.Release|ARM64.ActiveCfg = Release|ARM64
		{D95A8633-1E85-4A15-BDA5-5BBEE4EA8AB6}.Release|ARM64.Build.0 = Release|ARM64
		{D95A8633-1E85-4A15-BDA5-5BBEE4EA8AB6}.Release|ARM64.Deploy.0 = Release|ARM64
		{D95A8633-1E85-4A15-BDA5-5BBEE4EA8AB6}.Release|x64.ActiveCfg = Release|x64
		{D95A8633-1E85-4A15-BDA5-5BBEE4EA8AB6}.Release|x64.Build.0 = Release|x64
		{D95A8633-1E85-4A15-BDA5-5BBEE4EA8AB6}.Release|x64.Deploy.0 = Release|x64
		{D95A8633-1E85-4A15-BDA5-5BBEE4EA8AB6}.Release|x86.ActiveCfg = Release|x86
		{D95A8633-1E85-4A15-BDA5-5BBEE4EA8AB6}.Release|x86.Build.0 = Release|x86
		{D95A8633-1E85-4A15-BDA5-5BBEE4EA8AB6}.Release|x86.Deploy.0 = Release|x86
	EndGlobalSection
	GlobalSection(SolutionProperties) = preSolution
		HideSolutionNode = FALSE
	EndGlobalSection
	GlobalSection(ExtensibilityGlobals) = postSolution
		SolutionGuid = {B6363A6D-1E1A-492B-847F-69FB7DA004C9}
	EndGlobalSection
EndGlobal
